
Microsoft Visual Studio Solution File, Format Version 12.00
# Visual Studio Version 17
VisualStudioVersion = 17.12.35707.178
MinimumVisualStudioVersion = 10.0.40219.1
Project("{FAE04EC0-301F-11D3-BF4B-00C04F79EFBC}") = "CLinicaXPTO_", "CLinicaXPTO_\CLinicaXPTO_.csproj", "{FF794BF4-007E-4FFD-9854-5EB846CF631B}"
EndProject
Project("{FAE04EC0-301F-11D3-BF4B-00C04F79EFBC}") = "CLinicaXPTO.DAL", "ClinicaXPTO.DAL\CLinicaXPTO.DAL.csproj", "{6E643C9E-3601-4596-BA52-C7B28DAEAA4C}"
EndProject
Project("{FAE04EC0-301F-11D3-BF4B-00C04F79EFBC}") = "CLinicaXPTO.DTO", "CLinicaXPTO.DTO\CLinicaXPTO.DTO.csproj", "{62E55EBA-629D-48CE-A510-C33D86FD268B}"
EndProject
Project("{FAE04EC0-301F-11D3-BF4B-00C04F79EFBC}") = "CLinicaXPTO.Share", "CLinicaXPTO.Interface\CLinicaXPTO.Share.csproj", "{60E51747-5B20-49C9-A6D4-2980977294CA}"
EndProject
Project("{FAE04EC0-301F-11D3-BF4B-00C04F79EFBC}") = "CLinicaXPTO.Model", "CLinicaXPTO.Model\CLinicaXPTO.Model.csproj", "{3B3556F7-AA1D-4D30-844D-7014B908C1EF}"
EndProject
Project("{FAE04EC0-301F-11D3-BF4B-00C04F79EFBC}") = "CLinicaXPTO.Services", "CLinicaXPTO.Services\CLinicaXPTO.Services.csproj", "{B251F2B2-7990-4BAD-9386-33B0714F20E4}"
EndProject
Global
	GlobalSection(SolutionConfigurationPlatforms) = preSolution
		Debug|Any CPU = Debug|Any CPU
		Release|Any CPU = Release|Any CPU
	EndGlobalSection
	GlobalSection(ProjectConfigurationPlatforms) = postSolution
		{FF794BF4-007E-4FFD-9854-5EB846CF631B}.Debug|Any CPU.ActiveCfg = Debug|Any CPU
		{FF794BF4-007E-4FFD-9854-5EB846CF631B}.Debug|Any CPU.Build.0 = Debug|Any CPU
		{FF794BF4-007E-4FFD-9854-5EB846CF631B}.Release|Any CPU.ActiveCfg = Release|Any CPU
		{FF794BF4-007E-4FFD-9854-5EB846CF631B}.Release|Any CPU.Build.0 = Release|Any CPU
		{6E643C9E-3601-4596-BA52-C7B28DAEAA4C}.Debug|Any CPU.ActiveCfg = Debug|Any CPU
		{6E643C9E-3601-4596-BA52-C7B28DAEAA4C}.Debug|Any CPU.Build.0 = Debug|Any CPU
		{6E643C9E-3601-4596-BA52-C7B28DAEAA4C}.Release|Any CPU.ActiveCfg = Release|Any CPU
		{6E643C9E-3601-4596-BA52-C7B28DAEAA4C}.Release|Any CPU.Build.0 = Release|Any CPU
		{62E55EBA-629D-48CE-A510-C33D86FD268B}.Debug|Any CPU.ActiveCfg = Debug|Any CPU
		{62E55EBA-629D-48CE-A510-C33D86FD268B}.Debug|Any CPU.Build.0 = Debug|Any CPU
		{62E55EBA-629D-48CE-A510-C33D86FD268B}.Release|Any CPU.ActiveCfg = Release|Any CPU
		{62E55EBA-629D-48CE-A510-C33D86FD268B}.Release|Any CPU.Build.0 = Release|Any CPU
		{60E51747-5B20-49C9-A6D4-2980977294CA}.Debug|Any CPU.ActiveCfg = Debug|Any CPU
		{60E51747-5B20-49C9-A6D4-2980977294CA}.Debug|Any CPU.Build.0 = Debug|Any CPU
		{60E51747-5B20-49C9-A6D4-2980977294CA}.Release|Any CPU.ActiveCfg = Release|Any CPU
		{60E51747-5B20-49C9-A6D4-2980977294CA}.Release|Any CPU.Build.0 = Release|Any CPU
		{3B3556F7-AA1D-4D30-844D-7014B908C1EF}.Debug|Any CPU.ActiveCfg = Debug|Any CPU
		{3B3556F7-AA1D-4D30-844D-7014B908C1EF}.Debug|Any CPU.Build.0 = Debug|Any CPU
		{3B3556F7-AA1D-4D30-844D-7014B908C1EF}.Release|Any CPU.ActiveCfg = Release|Any CPU
		{3B3556F7-AA1D-4D30-844D-7014B908C1EF}.Release|Any CPU.Build.0 = Release|Any CPU
		{B251F2B2-7990-4BAD-9386-33B0714F20E4}.Debug|Any CPU.ActiveCfg = Debug|Any CPU
		{B251F2B2-7990-4BAD-9386-33B0714F20E4}.Debug|Any CPU.Build.0 = Debug|Any CPU
		{B251F2B2-7990-4BAD-9386-33B0714F20E4}.Release|Any CPU.ActiveCfg = Release|Any CPU
		{B251F2B2-7990-4BAD-9386-33B0714F20E4}.Release|Any CPU.Build.0 = Release|Any CPU
	EndGlobalSection
	GlobalSection(SolutionProperties) = preSolution
		HideSolutionNode = FALSE
	EndGlobalSection
EndGlobal
